// !$*UTF8*$!
{
	archiveVersion = 1;
	classes = {
	};
	objectVersion = 55;
	objects = {

/* Begin PBXBuildFile section */
		38663F43084305273B55CE41 /* Pods_routineTimer.framework in Frameworks */ = {isa = PBXBuildFile; fileRef = 1E45C2DC424D863A71C7C9E0 /* Pods_routineTimer.framework */; };
		98313EC127D5A9130023E69C /* RoutinesModel.swift in Sources */ = {isa = PBXBuildFile; fileRef = 98313EC027D5A9120023E69C /* RoutinesModel.swift */; };
		98313EC527D5AAB30023E69C /* DateModel.swift in Sources */ = {isa = PBXBuildFile; fileRef = 98313EC427D5AAB30023E69C /* DateModel.swift */; };
		9839688E280BCA1D008C5D2A /* FinishViewController.swift in Sources */ = {isa = PBXBuildFile; fileRef = 9839688D280BCA1D008C5D2A /* FinishViewController.swift */; };
		98396898280C048D008C5D2A /* カコ.mp3 in Resources */ = {isa = PBXBuildFile; fileRef = 98396897280C048D008C5D2A /* カコ.mp3 */; };
		9839689C2813B3A8008C5D2A /* キラーん.mp3 in Resources */ = {isa = PBXBuildFile; fileRef = 9839689B2813B3A8008C5D2A /* キラーん.mp3 */; };
		9847C33327C7CAEF004C5BDE /* AppDelegate.swift in Sources */ = {isa = PBXBuildFile; fileRef = 9847C33227C7CAEF004C5BDE /* AppDelegate.swift */; };
		9847C33527C7CAEF004C5BDE /* SceneDelegate.swift in Sources */ = {isa = PBXBuildFile; fileRef = 9847C33427C7CAEF004C5BDE /* SceneDelegate.swift */; };
		9847C33727C7CAEF004C5BDE /* RoutineViewController.swift in Sources */ = {isa = PBXBuildFile; fileRef = 9847C33627C7CAEF004C5BDE /* RoutineViewController.swift */; };
		9847C33A27C7CAEF004C5BDE /* Main.storyboard in Resources */ = {isa = PBXBuildFile; fileRef = 9847C33827C7CAEF004C5BDE /* Main.storyboard */; };
		9847C33C27C7CAF0004C5BDE /* Assets.xcassets in Resources */ = {isa = PBXBuildFile; fileRef = 9847C33B27C7CAF0004C5BDE /* Assets.xcassets */; };
		9847C33F27C7CAF0004C5BDE /* LaunchScreen.storyboard in Resources */ = {isa = PBXBuildFile; fileRef = 9847C33D27C7CAF0004C5BDE /* LaunchScreen.storyboard */; };
		985DF91427E8B57C0081DC4A /* MyButton.swift in Sources */ = {isa = PBXBuildFile; fileRef = 985DF91327E8B57C0081DC4A /* MyButton.swift */; };
		9864154927EC75C0007BF090 /* DetailViewController.swift in Sources */ = {isa = PBXBuildFile; fileRef = 9864154827EC75C0007BF090 /* DetailViewController.swift */; };
		986E4F482801EDD7009C01BE /* RoutineTableViewCell.swift in Sources */ = {isa = PBXBuildFile; fileRef = 986E4F462801EDD7009C01BE /* RoutineTableViewCell.swift */; };
		986E4F492801EDD7009C01BE /* RoutineTableViewCell.xib in Resources */ = {isa = PBXBuildFile; fileRef = 986E4F472801EDD7009C01BE /* RoutineTableViewCell.xib */; };
		986E4F4B2801F3B2009C01BE /* ShadowView.swift in Sources */ = {isa = PBXBuildFile; fileRef = 986E4F4A2801F3B2009C01BE /* ShadowView.swift */; };
		986E4FB62803F2E7009C01BE /* TaskTableViewCell.swift in Sources */ = {isa = PBXBuildFile; fileRef = 986E4FB42803F2E7009C01BE /* TaskTableViewCell.swift */; };
		986E4FB72803F2E7009C01BE /* TaskTableViewCell.xib in Resources */ = {isa = PBXBuildFile; fileRef = 986E4FB52803F2E7009C01BE /* TaskTableViewCell.xib */; };
		9896A7CC280A79180006F1CC /* ポカッ.mp3 in Resources */ = {isa = PBXBuildFile; fileRef = 9896A7C9280A79180006F1CC /* ポカッ.mp3 */; };
		9896A7CE280A79180006F1CC /* ポーン.mp3 in Resources */ = {isa = PBXBuildFile; fileRef = 9896A7CB280A79180006F1CC /* ポーン.mp3 */; };
		98BA191B27CA214E0045E0C0 /* TaskViewController.swift in Sources */ = {isa = PBXBuildFile; fileRef = 98BA191A27CA214E0045E0C0 /* TaskViewController.swift */; };
		98BA192127CB58260045E0C0 /* TimerViewController.swift in Sources */ = {isa = PBXBuildFile; fileRef = 98BA192027CB58260045E0C0 /* TimerViewController.swift */; };
		98BA192327CC55860045E0C0 /* Extensions.swift in Sources */ = {isa = PBXBuildFile; fileRef = 98BA192227CC55860045E0C0 /* Extensions.swift */; };
/* End PBXBuildFile section */

/* Begin PBXFileReference section */
		1E45C2DC424D863A71C7C9E0 /* Pods_routineTimer.framework */ = {isa = PBXFileReference; explicitFileType = wrapper.framework; includeInIndex = 0; path = Pods_routineTimer.framework; sourceTree = BUILT_PRODUCTS_DIR; };
		98313EC027D5A9120023E69C /* RoutinesModel.swift */ = {isa = PBXFileReference; lastKnownFileType = sourcecode.swift; path = RoutinesModel.swift; sourceTree = "<group>"; };
		98313EC427D5AAB30023E69C /* DateModel.swift */ = {isa = PBXFileReference; lastKnownFileType = sourcecode.swift; path = DateModel.swift; sourceTree = "<group>"; };
		9839688D280BCA1D008C5D2A /* FinishViewController.swift */ = {isa = PBXFileReference; lastKnownFileType = sourcecode.swift; path = FinishViewController.swift; sourceTree = "<group>"; };
		98396897280C048D008C5D2A /* カコ.mp3 */ = {isa = PBXFileReference; lastKnownFileType = audio.mp3; path = "カコ.mp3"; sourceTree = "<group>"; };
		9839689B2813B3A8008C5D2A /* キラーん.mp3 */ = {isa = PBXFileReference; lastKnownFileType = audio.mp3; path = "キラーん.mp3"; sourceTree = "<group>"; };
		9847C32F27C7CAEF004C5BDE /* routineTimer.app */ = {isa = PBXFileReference; explicitFileType = wrapper.application; includeInIndex = 0; path = routineTimer.app; sourceTree = BUILT_PRODUCTS_DIR; };
		9847C33227C7CAEF004C5BDE /* AppDelegate.swift */ = {isa = PBXFileReference; lastKnownFileType = sourcecode.swift; path = AppDelegate.swift; sourceTree = "<group>"; };
		9847C33427C7CAEF004C5BDE /* SceneDelegate.swift */ = {isa = PBXFileReference; lastKnownFileType = sourcecode.swift; path = SceneDelegate.swift; sourceTree = "<group>"; };
		9847C33627C7CAEF004C5BDE /* RoutineViewController.swift */ = {isa = PBXFileReference; lastKnownFileType = sourcecode.swift; path = RoutineViewController.swift; sourceTree = "<group>"; };
		9847C33927C7CAEF004C5BDE /* Base */ = {isa = PBXFileReference; lastKnownFileType = file.storyboard; name = Base; path = Base.lproj/Main.storyboard; sourceTree = "<group>"; };
		9847C33B27C7CAF0004C5BDE /* Assets.xcassets */ = {isa = PBXFileReference; lastKnownFileType = folder.assetcatalog; path = Assets.xcassets; sourceTree = "<group>"; };
		9847C33E27C7CAF0004C5BDE /* Base */ = {isa = PBXFileReference; lastKnownFileType = file.storyboard; name = Base; path = Base.lproj/LaunchScreen.storyboard; sourceTree = "<group>"; };
		9847C34027C7CAF0004C5BDE /* Info.plist */ = {isa = PBXFileReference; lastKnownFileType = text.plist.xml; path = Info.plist; sourceTree = "<group>"; };
		985DF91327E8B57C0081DC4A /* MyButton.swift */ = {isa = PBXFileReference; lastKnownFileType = sourcecode.swift; path = MyButton.swift; sourceTree = "<group>"; };
		9864154827EC75C0007BF090 /* DetailViewController.swift */ = {isa = PBXFileReference; lastKnownFileType = sourcecode.swift; path = DetailViewController.swift; sourceTree = "<group>"; };
		986E4F462801EDD7009C01BE /* RoutineTableViewCell.swift */ = {isa = PBXFileReference; lastKnownFileType = sourcecode.swift; path = RoutineTableViewCell.swift; sourceTree = "<group>"; };
		986E4F472801EDD7009C01BE /* RoutineTableViewCell.xib */ = {isa = PBXFileReference; lastKnownFileType = file.xib; path = RoutineTableViewCell.xib; sourceTree = "<group>"; };
		986E4F4A2801F3B2009C01BE /* ShadowView.swift */ = {isa = PBXFileReference; lastKnownFileType = sourcecode.swift; path = ShadowView.swift; sourceTree = "<group>"; };
		986E4FB42803F2E7009C01BE /* TaskTableViewCell.swift */ = {isa = PBXFileReference; lastKnownFileType = sourcecode.swift; path = TaskTableViewCell.swift; sourceTree = "<group>"; };
		986E4FB52803F2E7009C01BE /* TaskTableViewCell.xib */ = {isa = PBXFileReference; lastKnownFileType = file.xib; path = TaskTableViewCell.xib; sourceTree = "<group>"; };
		9896A7C9280A79180006F1CC /* ポカッ.mp3 */ = {isa = PBXFileReference; lastKnownFileType = audio.mp3; path = "ポカッ.mp3"; sourceTree = "<group>"; };
		9896A7CB280A79180006F1CC /* ポーン.mp3 */ = {isa = PBXFileReference; lastKnownFileType = audio.mp3; path = "ポーン.mp3"; sourceTree = "<group>"; };
		98BA191A27CA214E0045E0C0 /* TaskViewController.swift */ = {isa = PBXFileReference; lastKnownFileType = sourcecode.swift; path = TaskViewController.swift; sourceTree = "<group>"; };
		98BA192027CB58260045E0C0 /* TimerViewController.swift */ = {isa = PBXFileReference; lastKnownFileType = sourcecode.swift; path = TimerViewController.swift; sourceTree = "<group>"; };
		98BA192227CC55860045E0C0 /* Extensions.swift */ = {isa = PBXFileReference; lastKnownFileType = sourcecode.swift; path = Extensions.swift; sourceTree = "<group>"; };
		E89B19DAB53D601880F7CEF8 /* Pods-routineTimer.debug.xcconfig */ = {isa = PBXFileReference; includeInIndex = 1; lastKnownFileType = text.xcconfig; name = "Pods-routineTimer.debug.xcconfig"; path = "Target Support Files/Pods-routineTimer/Pods-routineTimer.debug.xcconfig"; sourceTree = "<group>"; };
		FDF6AE9FC33DC0DB07FA191E /* Pods-routineTimer.release.xcconfig */ = {isa = PBXFileReference; includeInIndex = 1; lastKnownFileType = text.xcconfig; name = "Pods-routineTimer.release.xcconfig"; path = "Target Support Files/Pods-routineTimer/Pods-routineTimer.release.xcconfig"; sourceTree = "<group>"; };
/* End PBXFileReference section */

/* Begin PBXFrameworksBuildPhase section */
		9847C32C27C7CAEF004C5BDE /* Frameworks */ = {
			isa = PBXFrameworksBuildPhase;
			buildActionMask = 2147483647;
			files = (
				38663F43084305273B55CE41 /* Pods_routineTimer.framework in Frameworks */,
			);
			runOnlyForDeploymentPostprocessing = 0;
		};
/* End PBXFrameworksBuildPhase section */

/* Begin PBXGroup section */
		2A3E1E2DFE4611446BA2EF84 /* Frameworks */ = {
			isa = PBXGroup;
			children = (
				1E45C2DC424D863A71C7C9E0 /* Pods_routineTimer.framework */,
			);
			name = Frameworks;
			sourceTree = "<group>";
		};
		3E317CDD23F6FCACD2324C17 /* Pods */ = {
			isa = PBXGroup;
			children = (
				E89B19DAB53D601880F7CEF8 /* Pods-routineTimer.debug.xcconfig */,
				FDF6AE9FC33DC0DB07FA191E /* Pods-routineTimer.release.xcconfig */,
			);
			path = Pods;
			sourceTree = "<group>";
		};
		98313EBC27D59C7D0023E69C /* Model */ = {
			isa = PBXGroup;
			children = (
				98313EC027D5A9120023E69C /* RoutinesModel.swift */,
				98313EC427D5AAB30023E69C /* DateModel.swift */,
			);
			path = Model;
			sourceTree = "<group>";
		};
		98313EBD27D59C9D0023E69C /* View */ = {
			isa = PBXGroup;
			children = (
				9847C33827C7CAEF004C5BDE /* Main.storyboard */,
				986E4F472801EDD7009C01BE /* RoutineTableViewCell.xib */,
				986E4FB52803F2E7009C01BE /* TaskTableViewCell.xib */,
			);
			path = View;
			sourceTree = "<group>";
		};
		98313EBF27D59CD50023E69C /* Controller */ = {
			isa = PBXGroup;
			children = (
				9847C33627C7CAEF004C5BDE /* RoutineViewController.swift */,
				98BA191A27CA214E0045E0C0 /* TaskViewController.swift */,
				98BA192027CB58260045E0C0 /* TimerViewController.swift */,
				9864154827EC75C0007BF090 /* DetailViewController.swift */,
				9839688D280BCA1D008C5D2A /* FinishViewController.swift */,
				986E4F462801EDD7009C01BE /* RoutineTableViewCell.swift */,
				986E4FB42803F2E7009C01BE /* TaskTableViewCell.swift */,
			);
			path = Controller;
			sourceTree = "<group>";
		};
		9839689D2813B3C6008C5D2A /* Sounds */ = {
			isa = PBXGroup;
			children = (
				98396897280C048D008C5D2A /* カコ.mp3 */,
				9896A7CB280A79180006F1CC /* ポーン.mp3 */,
				9896A7C9280A79180006F1CC /* ポカッ.mp3 */,
				9839689B2813B3A8008C5D2A /* キラーん.mp3 */,
			);
			name = Sounds;
			path = ..;
			sourceTree = "<group>";
		};
		9847C32627C7CAEF004C5BDE = {
			isa = PBXGroup;
			children = (
				9847C33127C7CAEF004C5BDE /* routineTimer */,
				9847C33027C7CAEF004C5BDE /* Products */,
				3E317CDD23F6FCACD2324C17 /* Pods */,
				2A3E1E2DFE4611446BA2EF84 /* Frameworks */,
			);
			sourceTree = "<group>";
		};
		9847C33027C7CAEF004C5BDE /* Products */ = {
			isa = PBXGroup;
			children = (
				9847C32F27C7CAEF004C5BDE /* routineTimer.app */,
			);
			name = Products;
			sourceTree = "<group>";
		};
		9847C33127C7CAEF004C5BDE /* routineTimer */ = {
			isa = PBXGroup;
			children = (
				9847C33227C7CAEF004C5BDE /* AppDelegate.swift */,
				9847C33427C7CAEF004C5BDE /* SceneDelegate.swift */,
				98313EBC27D59C7D0023E69C /* Model */,
				98313EBF27D59CD50023E69C /* Controller */,
				98BA192227CC55860045E0C0 /* Extensions.swift */,
				985DF91327E8B57C0081DC4A /* MyButton.swift */,
				986E4F4A2801F3B2009C01BE /* ShadowView.swift */,
				98313EBD27D59C9D0023E69C /* View */,
				9847C33B27C7CAF0004C5BDE /* Assets.xcassets */,
				9839689D2813B3C6008C5D2A /* Sounds */,
				9847C33D27C7CAF0004C5BDE /* LaunchScreen.storyboard */,
				9847C34027C7CAF0004C5BDE /* Info.plist */,
			);
			path = routineTimer;
			sourceTree = "<group>";
		};
/* End PBXGroup section */

/* Begin PBXNativeTarget section */
		9847C32E27C7CAEF004C5BDE /* routineTimer */ = {
			isa = PBXNativeTarget;
			buildConfigurationList = 9847C34327C7CAF0004C5BDE /* Build configuration list for PBXNativeTarget "routineTimer" */;
			buildPhases = (
				246AE529CBBBA1E7B911029A /* [CP] Check Pods Manifest.lock */,
				9847C32B27C7CAEF004C5BDE /* Sources */,
				9847C32C27C7CAEF004C5BDE /* Frameworks */,
				9847C32D27C7CAEF004C5BDE /* Resources */,
				E7BFA6AAA347E7410019FECC /* [CP] Embed Pods Frameworks */,
			);
			buildRules = (
			);
			dependencies = (
			);
			name = routineTimer;
			productName = routineTimer;
			productReference = 9847C32F27C7CAEF004C5BDE /* routineTimer.app */;
			productType = "com.apple.product-type.application";
		};
/* End PBXNativeTarget section */

/* Begin PBXProject section */
		9847C32727C7CAEF004C5BDE /* Project object */ = {
			isa = PBXProject;
			attributes = {
				BuildIndependentTargetsInParallel = 1;
				LastSwiftUpdateCheck = 1320;
				LastUpgradeCheck = 1320;
				TargetAttributes = {
					9847C32E27C7CAEF004C5BDE = {
						CreatedOnToolsVersion = 13.2.1;
					};
				};
			};
			buildConfigurationList = 9847C32A27C7CAEF004C5BDE /* Build configuration list for PBXProject "routineTimer" */;
			compatibilityVersion = "Xcode 13.0";
			developmentRegion = en;
			hasScannedForEncodings = 0;
			knownRegions = (
				en,
				Base,
			);
			mainGroup = 9847C32627C7CAEF004C5BDE;
			productRefGroup = 9847C33027C7CAEF004C5BDE /* Products */;
			projectDirPath = "";
			projectRoot = "";
			targets = (
				9847C32E27C7CAEF004C5BDE /* routineTimer */,
			);
		};
/* End PBXProject section */

/* Begin PBXResourcesBuildPhase section */
		9847C32D27C7CAEF004C5BDE /* Resources */ = {
			isa = PBXResourcesBuildPhase;
			buildActionMask = 2147483647;
			files = (
				98396898280C048D008C5D2A /* カコ.mp3 in Resources */,
				9839689C2813B3A8008C5D2A /* キラーん.mp3 in Resources */,
				9847C33F27C7CAF0004C5BDE /* LaunchScreen.storyboard in Resources */,
				9896A7CE280A79180006F1CC /* ポーン.mp3 in Resources */,
				9896A7CC280A79180006F1CC /* ポカッ.mp3 in Resources */,
				9847C33C27C7CAF0004C5BDE /* Assets.xcassets in Resources */,
				9847C33A27C7CAEF004C5BDE /* Main.storyboard in Resources */,
				986E4F492801EDD7009C01BE /* RoutineTableViewCell.xib in Resources */,
				986E4FB72803F2E7009C01BE /* TaskTableViewCell.xib in Resources */,
			);
			runOnlyForDeploymentPostprocessing = 0;
		};
/* End PBXResourcesBuildPhase section */

/* Begin PBXShellScriptBuildPhase section */
		246AE529CBBBA1E7B911029A /* [CP] Check Pods Manifest.lock */ = {
			isa = PBXShellScriptBuildPhase;
			buildActionMask = 2147483647;
			files = (
			);
			inputFileListPaths = (
			);
			inputPaths = (
				"${PODS_PODFILE_DIR_PATH}/Podfile.lock",
				"${PODS_ROOT}/Manifest.lock",
			);
			name = "[CP] Check Pods Manifest.lock";
			outputFileListPaths = (
			);
			outputPaths = (
				"$(DERIVED_FILE_DIR)/Pods-routineTimer-checkManifestLockResult.txt",
			);
			runOnlyForDeploymentPostprocessing = 0;
			shellPath = /bin/sh;
			shellScript = "diff \"${PODS_PODFILE_DIR_PATH}/Podfile.lock\" \"${PODS_ROOT}/Manifest.lock\" > /dev/null\nif [ $? != 0 ] ; then\n    # print error to STDERR\n    echo \"error: The sandbox is not in sync with the Podfile.lock. Run 'pod install' or update your CocoaPods installation.\" >&2\n    exit 1\nfi\n# This output is used by Xcode 'outputs' to avoid re-running this script phase.\necho \"SUCCESS\" > \"${SCRIPT_OUTPUT_FILE_0}\"\n";
			showEnvVarsInLog = 0;
		};
		E7BFA6AAA347E7410019FECC /* [CP] Embed Pods Frameworks */ = {
			isa = PBXShellScriptBuildPhase;
			buildActionMask = 2147483647;
			files = (
			);
			inputFileListPaths = (
				"${PODS_ROOT}/Target Support Files/Pods-routineTimer/Pods-routineTimer-frameworks-${CONFIGURATION}-input-files.xcfilelist",
			);
			name = "[CP] Embed Pods Frameworks";
			outputFileListPaths = (
				"${PODS_ROOT}/Target Support Files/Pods-routineTimer/Pods-routineTimer-frameworks-${CONFIGURATION}-output-files.xcfilelist",
			);
			runOnlyForDeploymentPostprocessing = 0;
			shellPath = /bin/sh;
			shellScript = "\"${PODS_ROOT}/Target Support Files/Pods-routineTimer/Pods-routineTimer-frameworks.sh\"\n";
			showEnvVarsInLog = 0;
		};
/* End PBXShellScriptBuildPhase section */

/* Begin PBXSourcesBuildPhase section */
		9847C32B27C7CAEF004C5BDE /* Sources */ = {
			isa = PBXSourcesBuildPhase;
			buildActionMask = 2147483647;
			files = (
				986E4FB62803F2E7009C01BE /* TaskTableViewCell.swift in Sources */,
				9847C33727C7CAEF004C5BDE /* RoutineViewController.swift in Sources */,
				9847C33327C7CAEF004C5BDE /* AppDelegate.swift in Sources */,
				9839688E280BCA1D008C5D2A /* FinishViewController.swift in Sources */,
				985DF91427E8B57C0081DC4A /* MyButton.swift in Sources */,
				98BA191B27CA214E0045E0C0 /* TaskViewController.swift in Sources */,
				98BA192327CC55860045E0C0 /* Extensions.swift in Sources */,
				986E4F482801EDD7009C01BE /* RoutineTableViewCell.swift in Sources */,
				98BA192127CB58260045E0C0 /* TimerViewController.swift in Sources */,
				98313EC527D5AAB30023E69C /* DateModel.swift in Sources */,
				986E4F4B2801F3B2009C01BE /* ShadowView.swift in Sources */,
				98313EC127D5A9130023E69C /* RoutinesModel.swift in Sources */,
				9864154927EC75C0007BF090 /* DetailViewController.swift in Sources */,
				9847C33527C7CAEF004C5BDE /* SceneDelegate.swift in Sources */,
			);
			runOnlyForDeploymentPostprocessing = 0;
		};
/* End PBXSourcesBuildPhase section */

/* Begin PBXVariantGroup section */
		9847C33827C7CAEF004C5BDE /* Main.storyboard */ = {
			isa = PBXVariantGroup;
			children = (
				9847C33927C7CAEF004C5BDE /* Base */,
			);
			name = Main.storyboard;
			sourceTree = "<group>";
		};
		9847C33D27C7CAF0004C5BDE /* LaunchScreen.storyboard */ = {
			isa = PBXVariantGroup;
			children = (
				9847C33E27C7CAF0004C5BDE /* Base */,
			);
			name = LaunchScreen.storyboard;
			sourceTree = "<group>";
		};
/* End PBXVariantGroup section */

/* Begin XCBuildConfiguration section */
		9847C34127C7CAF0004C5BDE /* Debug */ = {
			isa = XCBuildConfiguration;
			buildSettings = {
				ALWAYS_SEARCH_USER_PATHS = NO;
				CLANG_ANALYZER_NONNULL = YES;
				CLANG_ANALYZER_NUMBER_OBJECT_CONVERSION = YES_AGGRESSIVE;
				CLANG_CXX_LANGUAGE_STANDARD = "gnu++17";
				CLANG_CXX_LIBRARY = "libc++";
				CLANG_ENABLE_MODULES = YES;
				CLANG_ENABLE_OBJC_ARC = YES;
				CLANG_ENABLE_OBJC_WEAK = YES;
				CLANG_WARN_BLOCK_CAPTURE_AUTORELEASING = YES;
				CLANG_WARN_BOOL_CONVERSION = YES;
				CLANG_WARN_COMMA = YES;
				CLANG_WARN_CONSTANT_CONVERSION = YES;
				CLANG_WARN_DEPRECATED_OBJC_IMPLEMENTATIONS = YES;
				CLANG_WARN_DIRECT_OBJC_ISA_USAGE = YES_ERROR;
				CLANG_WARN_DOCUMENTATION_COMMENTS = YES;
				CLANG_WARN_EMPTY_BODY = YES;
				CLANG_WARN_ENUM_CONVERSION = YES;
				CLANG_WARN_INFINITE_RECURSION = YES;
				CLANG_WARN_INT_CONVERSION = YES;
				CLANG_WARN_NON_LITERAL_NULL_CONVERSION = YES;
				CLANG_WARN_OBJC_IMPLICIT_RETAIN_SELF = YES;
				CLANG_WARN_OBJC_LITERAL_CONVERSION = YES;
				CLANG_WARN_OBJC_ROOT_CLASS = YES_ERROR;
				CLANG_WARN_QUOTED_INCLUDE_IN_FRAMEWORK_HEADER = YES;
				CLANG_WARN_RANGE_LOOP_ANALYSIS = YES;
				CLANG_WARN_STRICT_PROTOTYPES = YES;
				CLANG_WARN_SUSPICIOUS_MOVE = YES;
				CLANG_WARN_UNGUARDED_AVAILABILITY = YES_AGGRESSIVE;
				CLANG_WARN_UNREACHABLE_CODE = YES;
				CLANG_WARN__DUPLICATE_METHOD_MATCH = YES;
				COPY_PHASE_STRIP = NO;
				DEBUG_INFORMATION_FORMAT = dwarf;
				ENABLE_STRICT_OBJC_MSGSEND = YES;
				ENABLE_TESTABILITY = YES;
				GCC_C_LANGUAGE_STANDARD = gnu11;
				GCC_DYNAMIC_NO_PIC = NO;
				GCC_NO_COMMON_BLOCKS = YES;
				GCC_OPTIMIZATION_LEVEL = 0;
				GCC_PREPROCESSOR_DEFINITIONS = (
					"DEBUG=1",
					"$(inherited)",
				);
				GCC_WARN_64_TO_32_BIT_CONVERSION = YES;
				GCC_WARN_ABOUT_RETURN_TYPE = YES_ERROR;
				GCC_WARN_UNDECLARED_SELECTOR = YES;
				GCC_WARN_UNINITIALIZED_AUTOS = YES_AGGRESSIVE;
				GCC_WARN_UNUSED_FUNCTION = YES;
				GCC_WARN_UNUSED_VARIABLE = YES;
				IPHONEOS_DEPLOYMENT_TARGET = 15.2;
				MTL_ENABLE_DEBUG_INFO = INCLUDE_SOURCE;
				MTL_FAST_MATH = YES;
				ONLY_ACTIVE_ARCH = YES;
				SDKROOT = iphoneos;
				SWIFT_ACTIVE_COMPILATION_CONDITIONS = DEBUG;
				SWIFT_OPTIMIZATION_LEVEL = "-Onone";
			};
			name = Debug;
		};
		9847C34227C7CAF0004C5BDE /* Release */ = {
			isa = XCBuildConfiguration;
			buildSettings = {
				ALWAYS_SEARCH_USER_PATHS = NO;
				CLANG_ANALYZER_NONNULL = YES;
				CLANG_ANALYZER_NUMBER_OBJECT_CONVERSION = YES_AGGRESSIVE;
				CLANG_CXX_LANGUAGE_STANDARD = "gnu++17";
				CLANG_CXX_LIBRARY = "libc++";
				CLANG_ENABLE_MODULES = YES;
				CLANG_ENABLE_OBJC_ARC = YES;
				CLANG_ENABLE_OBJC_WEAK = YES;
				CLANG_WARN_BLOCK_CAPTURE_AUTORELEASING = YES;
				CLANG_WARN_BOOL_CONVERSION = YES;
				CLANG_WARN_COMMA = YES;
				CLANG_WARN_CONSTANT_CONVERSION = YES;
				CLANG_WARN_DEPRECATED_OBJC_IMPLEMENTATIONS = YES;
				CLANG_WARN_DIRECT_OBJC_ISA_USAGE = YES_ERROR;
				CLANG_WARN_DOCUMENTATION_COMMENTS = YES;
				CLANG_WARN_EMPTY_BODY = YES;
				CLANG_WARN_ENUM_CONVERSION = YES;
				CLANG_WARN_INFINITE_RECURSION = YES;
				CLANG_WARN_INT_CONVERSION = YES;
				CLANG_WARN_NON_LITERAL_NULL_CONVERSION = YES;
				CLANG_WARN_OBJC_IMPLICIT_RETAIN_SELF = YES;
				CLANG_WARN_OBJC_LITERAL_CONVERSION = YES;
				CLANG_WARN_OBJC_ROOT_CLASS = YES_ERROR;
				CLANG_WARN_QUOTED_INCLUDE_IN_FRAMEWORK_HEADER = YES;
				CLANG_WARN_RANGE_LOOP_ANALYSIS = YES;
				CLANG_WARN_STRICT_PROTOTYPES = YES;
				CLANG_WARN_SUSPICIOUS_MOVE = YES;
				CLANG_WARN_UNGUARDED_AVAILABILITY = YES_AGGRESSIVE;
				CLANG_WARN_UNREACHABLE_CODE = YES;
				CLANG_WARN__DUPLICATE_METHOD_MATCH = YES;
				COPY_PHASE_STRIP = NO;
				DEBUG_INFORMATION_FORMAT = "dwarf-with-dsym";
				ENABLE_NS_ASSERTIONS = NO;
				ENABLE_STRICT_OBJC_MSGSEND = YES;
				GCC_C_LANGUAGE_STANDARD = gnu11;
				GCC_NO_COMMON_BLOCKS = YES;
				GCC_WARN_64_TO_32_BIT_CONVERSION = YES;
				GCC_WARN_ABOUT_RETURN_TYPE = YES_ERROR;
				GCC_WARN_UNDECLARED_SELECTOR = YES;
				GCC_WARN_UNINITIALIZED_AUTOS = YES_AGGRESSIVE;
				GCC_WARN_UNUSED_FUNCTION = YES;
				GCC_WARN_UNUSED_VARIABLE = YES;
				IPHONEOS_DEPLOYMENT_TARGET = 15.2;
				MTL_ENABLE_DEBUG_INFO = NO;
				MTL_FAST_MATH = YES;
				SDKROOT = iphoneos;
				SWIFT_COMPILATION_MODE = wholemodule;
				SWIFT_OPTIMIZATION_LEVEL = "-O";
				VALIDATE_PRODUCT = YES;
			};
			name = Release;
		};
		9847C34427C7CAF0004C5BDE /* Debug */ = {
			isa = XCBuildConfiguration;
			baseConfigurationReference = E89B19DAB53D601880F7CEF8 /* Pods-routineTimer.debug.xcconfig */;
			buildSettings = {
				ASSETCATALOG_COMPILER_APPICON_NAME = AppIcon;
				ASSETCATALOG_COMPILER_GLOBAL_ACCENT_COLOR_NAME = AccentColor;
				CODE_SIGN_STYLE = Automatic;
				CURRENT_PROJECT_VERSION = 1;
				DEVELOPMENT_TEAM = VXA7QV9UT7;
				GENERATE_INFOPLIST_FILE = YES;
				INFOPLIST_FILE = routineTimer/Info.plist;
				INFOPLIST_KEY_UIApplicationSupportsIndirectInputEvents = YES;
				INFOPLIST_KEY_UILaunchStoryboardName = LaunchScreen;
				INFOPLIST_KEY_UIMainStoryboardFile = Main;
				INFOPLIST_KEY_UISupportedInterfaceOrientations = UIInterfaceOrientationPortrait;
				INFOPLIST_KEY_UISupportedInterfaceOrientations_iPad = "UIInterfaceOrientationPortrait UIInterfaceOrientationPortraitUpsideDown UIInterfaceOrientationLandscapeLeft UIInterfaceOrientationLandscapeRight";
				INFOPLIST_KEY_UISupportedInterfaceOrientations_iPhone = UIInterfaceOrientationPortrait;
				IPHONEOS_DEPLOYMENT_TARGET = 14.0;
				LD_RUNPATH_SEARCH_PATHS = (
					"$(inherited)",
					"@executable_path/Frameworks",
				);
				MARKETING_VERSION = 1.0;
				PRODUCT_BUNDLE_IDENTIFIER = com.yafuju27.routineTimer;
				PRODUCT_NAME = "$(TARGET_NAME)";
				SWIFT_EMIT_LOC_STRINGS = YES;
				SWIFT_VERSION = 5.0;
				TARGETED_DEVICE_FAMILY = 1;
			};
			name = Debug;
		};
		9847C34527C7CAF0004C5BDE /* Release */ = {
			isa = XCBuildConfiguration;
			baseConfigurationReference = FDF6AE9FC33DC0DB07FA191E /* Pods-routineTimer.release.xcconfig */;
			buildSettings = {
				ASSETCATALOG_COMPILER_APPICON_NAME = AppIcon;
				ASSETCATALOG_COMPILER_GLOBAL_ACCENT_COLOR_NAME = AccentColor;
				CODE_SIGN_STYLE = Automatic;
				CURRENT_PROJECT_VERSION = 1;
				DEVELOPMENT_TEAM = VXA7QV9UT7;
				GENERATE_INFOPLIST_FILE = YES;
				INFOPLIST_FILE = routineTimer/Info.plist;
				INFOPLIST_KEY_UIApplicationSupportsIndirectInputEvents = YES;
				INFOPLIST_KEY_UILaunchStoryboardName = LaunchScreen;
				INFOPLIST_KEY_UIMainStoryboardFile = Main;
				INFOPLIST_KEY_UISupportedInterfaceOrientations = UIInterfaceOrientationPortrait;
				INFOPLIST_KEY_UISupportedInterfaceOrientations_iPad = "UIInterfaceOrientationPortrait UIInterfaceOrientationPortraitUpsideDown UIInterfaceOrientationLandscapeLeft UIInterfaceOrientationLandscapeRight";
				INFOPLIST_KEY_UISupportedInterfaceOrientations_iPhone = UIInterfaceOrientationPortrait;
				IPHONEOS_DEPLOYMENT_TARGET = 14.0;
				LD_RUNPATH_SEARCH_PATHS = (
					"$(inherited)",
					"@executable_path/Frameworks",
				);
				MARKETING_VERSION = 1.0;
				PRODUCT_BUNDLE_IDENTIFIER = com.yafuju27.routineTimer;
				PRODUCT_NAME = "$(TARGET_NAME)";
				SWIFT_EMIT_LOC_STRINGS = YES;
				SWIFT_VERSION = 5.0;
				TARGETED_DEVICE_FAMILY = 1;
			};
			name = Release;
		};
/* End XCBuildConfiguration section */

/* Begin XCConfigurationList section */
		9847C32A27C7CAEF004C5BDE /* Build configuration list for PBXProject "routineTimer" */ = {
			isa = XCConfigurationList;
			buildConfigurations = (
				9847C34127C7CAF0004C5BDE /* Debug */,
				9847C34227C7CAF0004C5BDE /* Release */,
			);
			defaultConfigurationIsVisible = 0;
			defaultConfigurationName = Release;
		};
		9847C34327C7CAF0004C5BDE /* Build configuration list for PBXNativeTarget "routineTimer" */ = {
			isa = XCConfigurationList;
			buildConfigurations = (
				9847C34427C7CAF0004C5BDE /* Debug */,
				9847C34527C7CAF0004C5BDE /* Release */,
			);
			defaultConfigurationIsVisible = 0;
			defaultConfigurationName = Release;
		};
/* End XCConfigurationList section */
	};
	rootObject = 9847C32727C7CAEF004C5BDE /* Project object */;
}
